
Microsoft Visual Studio Solution File, Format Version 12.00
# Visual Studio Version 16
VisualStudioVersion = 16.0.32126.315
MinimumVisualStudioVersion = 10.0.40219.1
Project("{9A19103F-16F7-4668-BE54-9A1E7A4F7556}") = "EventBookingApp.Web", "EventBookingApp\EventBookingApp.Web.csproj", "{712AB165-B919-4A65-897B-DC7C23B30E1A}"
EndProject
Project("{9A19103F-16F7-4668-BE54-9A1E7A4F7556}") = "EventBookingApp.API", "EventBookingApp.API\EventBookingApp.API.csproj", "{7FC63429-792F-4136-8CED-30B6510FB638}"
EndProject
Project("{9A19103F-16F7-4668-BE54-9A1E7A4F7556}") = "DataAcessLayer", "DataAcessLayer\DataAcessLayer.csproj", "{0EBA16CE-A8FD-45A8-958E-8E3BFD57866D}"
EndProject
Project("{FAE04EC0-301F-11D3-BF4B-00C04F79EFBC}") = "EmailServices", "EmailServices\EmailServices.csproj", "{5F72AF3B-FEA5-4F43-AB40-632DA1A9BAFB}"
EndProject
Global
	GlobalSection(SolutionConfigurationPlatforms) = preSolution
		Debug|Any CPU = Debug|Any CPU
		Release|Any CPU = Release|Any CPU
	EndGlobalSection
	GlobalSection(ProjectConfigurationPlatforms) = postSolution
		{712AB165-B919-4A65-897B-DC7C23B30E1A}.Debug|Any CPU.ActiveCfg = Debug|Any CPU
		{712AB165-B919-4A65-897B-DC7C23B30E1A}.Debug|Any CPU.Build.0 = Debug|Any CPU
		{712AB165-B919-4A65-897B-DC7C23B30E1A}.Release|Any CPU.ActiveCfg = Release|Any CPU
		{712AB165-B919-4A65-897B-DC7C23B30E1A}.Release|Any CPU.Build.0 = Release|Any CPU
		{7FC63429-792F-4136-8CED-30B6510FB638}.Debug|Any CPU.ActiveCfg = Debug|Any CPU
		{7FC63429-792F-4136-8CED-30B6510FB638}.Debug|Any CPU.Build.0 = Debug|Any CPU
		{7FC63429-792F-4136-8CED-30B6510FB638}.Release|Any CPU.ActiveCfg = Release|Any CPU
		{7FC63429-792F-4136-8CED-30B6510FB638}.Release|Any CPU.Build.0 = Release|Any CPU
		{0EBA16CE-A8FD-45A8-958E-8E3BFD57866D}.Debug|Any CPU.ActiveCfg = Debug|Any CPU
		{0EBA16CE-A8FD-45A8-958E-8E3BFD57866D}.Debug|Any CPU.Build.0 = Debug|Any CPU
		{0EBA16CE-A8FD-45A8-958E-8E3BFD57866D}.Release|Any CPU.ActiveCfg = Release|Any CPU
		{0EBA16CE-A8FD-45A8-958E-8E3BFD57866D}.Release|Any CPU.Build.0 = Release|Any CPU
		{5F72AF3B-FEA5-4F43-AB40-632DA1A9BAFB}.Debug|Any CPU.ActiveCfg = Debug|Any CPU
		{5F72AF3B-FEA5-4F43-AB40-632DA1A9BAFB}.Debug|Any CPU.Build.0 = Debug|Any CPU
		{5F72AF3B-FEA5-4F43-AB40-632DA1A9BAFB}.Release|Any CPU.ActiveCfg = Release|Any CPU
		{5F72AF3B-FEA5-4F43-AB40-632DA1A9BAFB}.Release|Any CPU.Build.0 = Release|Any CPU
	EndGlobalSection
	GlobalSection(SolutionProperties) = preSolution
		HideSolutionNode = FALSE
	EndGlobalSection
	GlobalSection(ExtensibilityGlobals) = postSolution
		SolutionGuid = {5AA5FB35-433C-4423-8967-BA9BFCB056E6}
	EndGlobalSection
EndGlobal
